name: Frontend dependency lock

on:
  push:
    branches:
      - fix/263-pin-frontend-dependencies
  workflow_dispatch:

jobs:
  lock-and-build:
    runs-on: ubuntu-latest
    defaults:
      run:
        working-directory: frontend
    steps:
      - uses: actions/checkout@v4
      - uses: actions/setup-node@v4
        with:
          node-version: '22.16.0'
      - name: Generate deterministic lockfile
        run: npm install --package-lock-only --ignore-scripts
      - name: Clean install
        run: npm ci --ignore-scripts
      - name: Build
        run: npm run build
      - name: Upload generated lockfile
        uses: actions/upload-artifact@v4
        with:
          name: frontend-package-lock
          path: frontend/package-lock.json
          if-no-files-found: error
